
Microsoft Visual Studio Solution File, Format Version 12.00
# Visual Studio Version 17
VisualStudioVersion = 17.0.31903.59
MinimumVisualStudioVersion = 10.0.40219.1
Project("{FAE04EC0-301F-11D3-BF4B-00C04F79EFBC}") = "api-minimal", "Api\api-minimal.csproj", "{9A946CA6-EDA0-4CD0-8247-9EF402645EF6}"
EndProject
Project("{FAE04EC0-301F-11D3-BF4B-00C04F79EFBC}") = "Test", "Test\Test.csproj", "{C2993EB6-C289-48E9-A6B6-529A88A7F5BE}"
EndProject
Global
	GlobalSection(SolutionConfigurationPlatforms) = preSolution
		Debug|Any CPU = Debug|Any CPU
		Release|Any CPU = Release|Any CPU
	EndGlobalSection
	GlobalSection(SolutionProperties) = preSolution
		HideSolutionNode = FALSE
	EndGlobalSection
	GlobalSection(ProjectConfigurationPlatforms) = postSolution
		{9A946CA6-EDA0-4CD0-8247-9EF402645EF6}.Debug|Any CPU.ActiveCfg = Debug|Any CPU
		{9A946CA6-EDA0-4CD0-8247-9EF402645EF6}.Debug|Any CPU.Build.0 = Debug|Any CPU
		{9A946CA6-EDA0-4CD0-8247-9EF402645EF6}.Release|Any CPU.ActiveCfg = Release|Any CPU
		{9A946CA6-EDA0-4CD0-8247-9EF402645EF6}.Release|Any CPU.Build.0 = Release|Any CPU
		{C2993EB6-C289-48E9-A6B6-529A88A7F5BE}.Debug|Any CPU.ActiveCfg = Debug|Any CPU
		{C2993EB6-C289-48E9-A6B6-529A88A7F5BE}.Debug|Any CPU.Build.0 = Debug|Any CPU
		{C2993EB6-C289-48E9-A6B6-529A88A7F5BE}.Release|Any CPU.ActiveCfg = Release|Any CPU
		{C2993EB6-C289-48E9-A6B6-529A88A7F5BE}.Release|Any CPU.Build.0 = Release|Any CPU
	EndGlobalSection
EndGlobal
